{
  "version": 4,
  "terraform_version": "1.3.7",
  "serial": 25,
  "lineage": "34c2fa65-26e6-ba6a-3f45-18e125c7e782",
  "outputs": {},
  "resources": [
    {
      "mode": "managed",
      "type": "google_compute_instance",
      "name": "default",
      "provider": "provider[\"registry.terraform.io/hashicorp/google\"]",
      "instances": [
        {
          "schema_version": 6,
          "attributes": {
            "advanced_machine_features": [],
            "allow_stopping_for_update": null,
            "attached_disk": [],
            "boot_disk": [
              {
                "auto_delete": true,
                "device_name": "persistent-disk-0",
                "disk_encryption_key_raw": "",
                "disk_encryption_key_sha256": "",
                "initialize_params": [
                  {
                    "image": "https://www.googleapis.com/compute/v1/projects/ubuntu-os-cloud/global/images/ubuntu-2204-jammy-v20230114",
                    "labels": {},
                    "size": 10,
                    "type": "pd-standard"
                  }
                ],
                "kms_key_self_link": "",
                "mode": "READ_WRITE",
                "source": "https://www.googleapis.com/compute/v1/projects/poised-octane-375919/zones/us-central1-a/disks/jenkins-vm"
              }
            ],
            "can_ip_forward": false,
            "confidential_instance_config": [],
            "cpu_platform": "Intel Haswell",
            "current_status": "RUNNING",
            "deletion_protection": false,
            "description": "",
            "desired_status": null,
            "enable_display": false,
            "guest_accelerator": [],
            "hostname": "",
            "id": "projects/poised-octane-375919/zones/us-central1-a/instances/jenkins-vm",
            "instance_id": "4387993460427080814",
            "label_fingerprint": "42WmSpB8rSM=",
            "labels": null,
            "machine_type": "f1-micro",
            "metadata": null,
            "metadata_fingerprint": "CFmnorz32-w=",
            "metadata_startup_script": null,
            "min_cpu_platform": "",
            "name": "jenkins-vm",
            "network_interface": [
              {
                "access_config": [
                  {
                    "nat_ip": "35.202.98.133",
                    "network_tier": "PREMIUM",
                    "public_ptr_domain_name": ""
                  }
                ],
                "alias_ip_range": [],
                "ipv6_access_config": [],
                "ipv6_access_type": "",
                "name": "nic0",
                "network": "https://www.googleapis.com/compute/v1/projects/poised-octane-375919/global/networks/default",
                "network_ip": "10.128.0.2",
                "nic_type": "",
                "queue_count": 0,
                "stack_type": "IPV4_ONLY",
                "subnetwork": "https://www.googleapis.com/compute/v1/projects/poised-octane-375919/regions/us-central1/subnetworks/default",
                "subnetwork_project": "poised-octane-375919"
              }
            ],
            "project": "poised-octane-375919",
            "reservation_affinity": [],
            "resource_policies": null,
            "scheduling": [
              {
                "automatic_restart": true,
                "instance_termination_action": "",
                "min_node_cpus": 0,
                "node_affinities": [],
                "on_host_maintenance": "MIGRATE",
                "preemptible": false,
                "provisioning_model": "STANDARD"
              }
            ],
            "scratch_disk": [],
            "self_link": "https://www.googleapis.com/compute/v1/projects/poised-octane-375919/zones/us-central1-a/instances/jenkins-vm",
            "service_account": [],
            "shielded_instance_config": [
              {
                "enable_integrity_monitoring": true,
                "enable_secure_boot": false,
                "enable_vtpm": true
              }
            ],
            "tags": null,
            "tags_fingerprint": "42WmSpB8rSM=",
            "timeouts": null,
            "zone": "us-central1-a"
          },
          "sensitive_attributes": [],
          "private": "eyJlMmJmYjczMC1lY2FhLTExZTYtOGY4OC0zNDM2M2JjN2M0YzAiOnsiY3JlYXRlIjoxMjAwMDAwMDAwMDAwLCJkZWxldGUiOjEyMDAwMDAwMDAwMDAsInVwZGF0ZSI6MTIwMDAwMDAwMDAwMH0sInNjaGVtYV92ZXJzaW9uIjoiNiJ9"
        }
      ]
    },
    {
      "mode": "managed",
      "type": "google_container_cluster",
      "name": "k8s",
      "provider": "provider[\"registry.terraform.io/hashicorp/google\"]",
      "instances": [
        {
          "schema_version": 1,
          "attributes": {
            "addons_config": [
              {
                "cloudrun_config": [],
                "dns_cache_config": [],
                "gce_persistent_disk_csi_driver_config": [
                  {
                    "enabled": true
                  }
                ],
                "gcp_filestore_csi_driver_config": [],
                "gke_backup_agent_config": [],
                "horizontal_pod_autoscaling": [],
                "http_load_balancing": [],
                "network_policy_config": [
                  {
                    "disabled": true
                  }
                ]
              }
            ],
            "authenticator_groups_config": [],
            "binary_authorization": [
              {
                "enabled": false,
                "evaluation_mode": ""
              }
            ],
            "cluster_autoscaling": [
              {
                "auto_provisioning_defaults": [],
                "enabled": false,
                "resource_limits": []
              }
            ],
            "cluster_ipv4_cidr": "10.0.0.0/14",
            "confidential_nodes": [],
            "cost_management_config": [],
            "database_encryption": [
              {
                "key_name": "",
                "state": "DECRYPTED"
              }
            ],
            "datapath_provider": "",
            "default_max_pods_per_node": null,
            "default_snat_status": [
              {
                "disabled": false
              }
            ],
            "description": "",
            "dns_config": [],
            "enable_autopilot": false,
            "enable_binary_authorization": false,
            "enable_intranode_visibility": false,
            "enable_kubernetes_alpha": false,
            "enable_l4_ilb_subsetting": false,
            "enable_legacy_abac": false,
            "enable_shielded_nodes": true,
            "enable_tpu": false,
            "endpoint": "34.170.157.127",
            "gateway_api_config": [],
            "id": "projects/poised-octane-375919/locations/us-central1/clusters/k8s",
            "initial_node_count": 1,
            "ip_allocation_policy": [],
            "label_fingerprint": "a9dc16a7",
            "location": "us-central1",
            "logging_config": [
              {
                "enable_components": [
                  "SYSTEM_COMPONENTS",
                  "WORKLOADS"
                ]
              }
            ],
            "logging_service": "logging.googleapis.com/kubernetes",
            "maintenance_policy": [],
            "master_auth": [
              {
                "client_certificate": "",
                "client_certificate_config": [
                  {
                    "issue_client_certificate": false
                  }
                ],
                "client_key": "",
                "cluster_ca_certificate": "LS0tLS1CRUdJTiBDRVJUSUZJQ0FURS0tLS0tCk1JSUVMRENDQXBTZ0F3SUJBZ0lRVUJ1VGZzWUQ0WFppa2pnb2R3SExnekFOQmdrcWhraUc5dzBCQVFzRkFEQXYKTVMwd0t3WURWUVFERXlRMk56QXdPV1l4T1MxbFlqRTRMVFExWlRBdE9UQXhZaTB3TVdVNFl6STFOREZtTTJRdwpJQmNOTWpNd01USTNNVFV5T0RJM1doZ1BNakExTXpBeE1Ua3hOakk0TWpkYU1DOHhMVEFyQmdOVkJBTVRKRFkzCk1EQTVaakU1TFdWaU1UZ3RORFZsTUMwNU1ERmlMVEF4WlRoak1qVTBNV1l6WkRDQ0FhSXdEUVlKS29aSWh2Y04KQVFFQkJRQURnZ0dQQURDQ0FZb0NnZ0dCQUtKd0h0bTZBdnZFU0hzSWNwRGliRFBlblpqWDVQL1dlaU5jajMzWgpnZGZJVHhXU0RPdENWTjZTaEd1V0c2VXZWL1RpQW5xdnoya0pyZys1UU11L3AzSW9UbGpPR0dOZldXZklJcW5sCmUyNnBXb2pqL05WcnNxVVc1Z241SDFTZnVxTU1yVWV3djFUNmZLMzlhK0Nvd01EUlBSKzBPQ0Z1ek5mR1Z4a0UKMmkzZVlFWnJTWDJZOVFnYnFTZW9BWk4yUFlLaDN6ZkVJWnpPaHpXZ083QlZmejdqM3F2bDk5TnJLU0FteS9RMAo1Y1ppSlFtaXFPQnZLMDkrVUdEcUtDRmZyeEJFSlFnd0V6bitVd1VpUW42bkcySGRaK0NoSUV1ZGxjNnBkUU1zCnk2ME9xY0RkVXhCczlvWVg2WGZsNXlseS9MNTgrOXhhSWN1UHdCUmVYdlVaeUVoYlhuZktKakRQcm9BdmZGRCsKb2h4UllLcWViQ3pZeGNWYkJlQmY4dG9HNGtwcHI3T29aVisxcEVaUlp4c2tndVRuNThIRDFGN2QzTjE0MktYTQprQWlWcmtkRkJ4L2w2QW4vZGU4ZFYrNmNLWE13aG4zUUFUNWlPM1JKbmwxT3VOQlZrcXNVeEhkakxIdjRkdGF5Cjhwb1BjdTkxYVpESkhtNEpjMmc4UFR1ekpRSURBUUFCbzBJd1FEQU9CZ05WSFE4QkFmOEVCQU1DQWdRd0R3WUQKVlIwVEFRSC9CQVV3QXdFQi96QWRCZ05WSFE0RUZnUVUrMXlBdVkyWXo3WnhsSEZiVUo0UUphNE56UWN3RFFZSgpLb1pJaHZjTkFRRUxCUUFEZ2dHQkFBb0hUZXFsU2RNUXNFc1J0cEVRSkttSXhnNFNDYkdiMTdGbmlDNkE4UDAvCmRNRjJGU0hZa1kveUxTa0NUMkZlQUxBS0ZKMVltdndSWWZFLzdLdTlKUHA5ai9nUGpOTU1rUHlmUjNZWmJtMVcKNUVaWGpRWFVCeUp4RG10VlNKbzlVbk9haVkzZXdWQnZBYURGdUhtdmE2eHFpUUdDcjZDb3BYL0t0c05HSFYrSgp1MWZkcXMxU1NvUzRTUy9jbm8xQnk0MmpWZEJWckJ5MFUyKzZ1YnZmU1dJRHgwc0V3cXNWT0J0MVR2cVdFazJaCnFpZ1JVd2JDUEhsR2VKTW5uRjhlYmdPSVpMdFordm9FbUp0cFNwNHk2Z1FvS3d3MDJUbGxsQWVOWW0zeC9LUmsKOGJvczB1dXNzRDN3S0ZTTDNWUkpzSW02WmNleDNRUHRjTkc3N1NuNHY1S2dFQ092dmZQVXFxZUZIYmVzY2tNSQpUVG5VVDdOUEkxcndkNGV6cXRKZmt4dG9Ca0wzOGU5WnNzWGdFcnNJbGFsRlpWZ1pVL2pjbTV1OCtSbGxEN0FkClZYYTBtWW5QbzFab3l6bWxhQ3lVTm1HaWZOYWVVMHF6SzZxL29ObUdoRFFtbnAzRytWU1U2SWJPaDJTNDdISFgKcCtKZHdGdEFMWDB6a21RWGRacnJrZz09Ci0tLS0tRU5EIENFUlRJRklDQVRFLS0tLS0K"
              }
            ],
            "master_authorized_networks_config": [],
            "master_version": "1.24.8-gke.2000",
            "mesh_certificates": [],
            "min_master_version": null,
            "monitoring_config": [
              {
                "enable_components": [
                  "SYSTEM_COMPONENTS"
                ],
                "managed_prometheus": []
              }
            ],
            "monitoring_service": "monitoring.googleapis.com/kubernetes",
            "name": "k8s",
            "network": "projects/poised-octane-375919/global/networks/default",
            "network_policy": [
              {
                "enabled": false,
                "provider": "PROVIDER_UNSPECIFIED"
              }
            ],
            "networking_mode": "ROUTES",
            "node_config": [],
            "node_locations": [
              "us-central1-a",
              "us-central1-c",
              "us-central1-f"
            ],
            "node_pool": [],
            "node_pool_defaults": [
              {
                "node_config_defaults": [
                  {
                    "logging_variant": "DEFAULT"
                  }
                ]
              }
            ],
            "node_version": "1.24.8-gke.2000",
            "notification_config": [
              {
                "pubsub": [
                  {
                    "enabled": false,
                    "filter": [],
                    "topic": ""
                  }
                ]
              }
            ],
            "operation": null,
            "private_cluster_config": [
              {
                "enable_private_endpoint": false,
                "enable_private_nodes": false,
                "master_global_access_config": [
                  {
                    "enabled": false
                  }
                ],
                "master_ipv4_cidr_block": "",
                "peering_name": "",
                "private_endpoint": "10.128.0.3",
                "private_endpoint_subnetwork": "",
                "public_endpoint": "34.170.157.127"
              }
            ],
            "private_ipv6_google_access": "",
            "project": "poised-octane-375919",
            "release_channel": [
              {
                "channel": "REGULAR"
              }
            ],
            "remove_default_node_pool": true,
            "resource_labels": null,
            "resource_usage_export_config": [],
            "self_link": "https://container.googleapis.com/v1/projects/poised-octane-375919/locations/us-central1/clusters/k8s",
            "service_external_ips_config": [
              {
                "enabled": false
              }
            ],
            "services_ipv4_cidr": "10.3.240.0/20",
            "subnetwork": "projects/poised-octane-375919/regions/us-central1/subnetworks/default",
            "timeouts": null,
            "tpu_ipv4_cidr_block": "",
            "vertical_pod_autoscaling": [],
            "workload_identity_config": []
          },
          "sensitive_attributes": [],
          "private": "eyJlMmJmYjczMC1lY2FhLTExZTYtOGY4OC0zNDM2M2JjN2M0YzAiOnsiY3JlYXRlIjoyNDAwMDAwMDAwMDAwLCJkZWxldGUiOjI0MDAwMDAwMDAwMDAsInJlYWQiOjI0MDAwMDAwMDAwMDAsInVwZGF0ZSI6MzYwMDAwMDAwMDAwMH0sInNjaGVtYV92ZXJzaW9uIjoiMSJ9"
        }
      ]
    },
    {
      "mode": "managed",
      "type": "google_container_node_pool",
      "name": "k8s_preemptible_nodes",
      "provider": "provider[\"registry.terraform.io/hashicorp/google\"]",
      "instances": [
        {
          "status": "tainted",
          "schema_version": 1,
          "attributes": {
            "autoscaling": [],
            "cluster": "k8s",
            "id": "projects/poised-octane-375919/locations/us-central1/clusters/k8s/nodePools/k8s-node-pool",
            "initial_node_count": null,
            "instance_group_urls": null,
            "location": "us-central1",
            "managed_instance_group_urls": null,
            "management": null,
            "max_pods_per_node": null,
            "name": "k8s-node-pool",
            "name_prefix": null,
            "network_config": null,
            "node_config": [
              {
                "boot_disk_kms_key": "",
                "disk_size_gb": 0,
                "disk_type": "",
                "gcfs_config": [],
                "guest_accelerator": [],
                "gvnic": [],
                "image_type": "",
                "kubelet_config": [],
                "labels": {},
                "linux_node_config": [],
                "local_ssd_count": 0,
                "logging_variant": "DEFAULT",
                "machine_type": "e2-medium",
                "metadata": {},
                "min_cpu_platform": "",
                "node_group": "",
                "oauth_scopes": [],
                "preemptible": true,
                "reservation_affinity": [],
                "resource_labels": null,
                "service_account": "",
                "shielded_instance_config": [],
                "spot": false,
                "tags": null,
                "taint": [],
                "workload_metadata_config": []
              }
            ],
            "node_count": 2,
            "node_locations": [],
            "operation": null,
            "placement_policy": [],
            "project": null,
            "timeouts": null,
            "upgrade_settings": null,
            "version": null
          },
          "sensitive_attributes": [],
          "private": "eyJlMmJmYjczMC1lY2FhLTExZTYtOGY4OC0zNDM2M2JjN2M0YzAiOnsiY3JlYXRlIjoxODAwMDAwMDAwMDAwLCJkZWxldGUiOjE4MDAwMDAwMDAwMDAsInVwZGF0ZSI6MTgwMDAwMDAwMDAwMH0sInNjaGVtYV92ZXJzaW9uIjoiMSJ9",
          "dependencies": [
            "google_container_cluster.k8s"
          ]
        }
      ]
    }
  ],
  "check_results": null
}
