{
  "version": 4,
  "terraform_version": "1.3.7",
  "serial": 65,
  "lineage": "34c2fa65-26e6-ba6a-3f45-18e125c7e782",
  "outputs": {
    "jenkins-vm-ip": {
      "value": "34.68.208.135",
      "type": "string"
    }
  },
  "resources": [
    {
      "mode": "managed",
      "type": "google_compute_firewall",
      "name": "jenkins-port",
      "provider": "provider[\"registry.terraform.io/hashicorp/google\"]",
      "instances": [
        {
          "schema_version": 1,
          "attributes": {
            "allow": [
              {
                "ports": [
                  "8080"
                ],
                "protocol": "tcp"
              }
            ],
            "creation_timestamp": "2023-01-28T07:53:21.698-08:00",
            "deny": [],
            "description": "",
            "destination_ranges": [],
            "direction": "INGRESS",
            "disabled": false,
            "enable_logging": null,
            "id": "projects/poised-octane-375919/global/firewalls/jenkins-port",
            "log_config": [],
            "name": "jenkins-port",
            "network": "https://www.googleapis.com/compute/v1/projects/poised-octane-375919/global/networks/default",
            "priority": 1000,
            "project": "poised-octane-375919",
            "self_link": "https://www.googleapis.com/compute/v1/projects/poised-octane-375919/global/firewalls/jenkins-port",
            "source_ranges": [
              "0.0.0.0/0"
            ],
            "source_service_accounts": [],
            "source_tags": [],
            "target_service_accounts": [],
            "target_tags": [
              "jenkins-port"
            ],
            "timeouts": null
          },
          "sensitive_attributes": [],
          "private": "eyJlMmJmYjczMC1lY2FhLTExZTYtOGY4OC0zNDM2M2JjN2M0YzAiOnsiY3JlYXRlIjoxMjAwMDAwMDAwMDAwLCJkZWxldGUiOjEyMDAwMDAwMDAwMDAsInVwZGF0ZSI6MTIwMDAwMDAwMDAwMH0sInNjaGVtYV92ZXJzaW9uIjoiMSJ9"
        }
      ]
    },
    {
      "mode": "managed",
      "type": "google_compute_instance",
      "name": "default",
      "provider": "provider[\"registry.terraform.io/hashicorp/google\"]",
      "instances": [
        {
          "schema_version": 6,
          "attributes": {
            "advanced_machine_features": [],
            "allow_stopping_for_update": null,
            "attached_disk": [],
            "boot_disk": [
              {
                "auto_delete": true,
                "device_name": "persistent-disk-0",
                "disk_encryption_key_raw": "",
                "disk_encryption_key_sha256": "",
                "initialize_params": [
                  {
                    "image": "https://www.googleapis.com/compute/v1/projects/ubuntu-os-cloud/global/images/ubuntu-2204-jammy-v20230114",
                    "labels": {},
                    "size": 10,
                    "type": "pd-standard"
                  }
                ],
                "kms_key_self_link": "",
                "mode": "READ_WRITE",
                "source": "https://www.googleapis.com/compute/v1/projects/poised-octane-375919/zones/us-central1-a/disks/jenkins-vm"
              }
            ],
            "can_ip_forward": false,
            "confidential_instance_config": [],
            "cpu_platform": "Intel Haswell",
            "current_status": "RUNNING",
            "deletion_protection": false,
            "description": "",
            "desired_status": null,
            "enable_display": false,
            "guest_accelerator": [],
            "hostname": "",
            "id": "projects/poised-octane-375919/zones/us-central1-a/instances/jenkins-vm",
            "instance_id": "8094055980628217817",
            "label_fingerprint": "42WmSpB8rSM=",
            "labels": {},
            "machine_type": "n1-standard-2",
            "metadata": {},
            "metadata_fingerprint": "CFmnorz32-w=",
            "metadata_startup_script": null,
            "min_cpu_platform": "",
            "name": "jenkins-vm",
            "network_interface": [
              {
                "access_config": [
                  {
                    "nat_ip": "34.68.208.135",
                    "network_tier": "PREMIUM",
                    "public_ptr_domain_name": ""
                  }
                ],
                "alias_ip_range": [],
                "ipv6_access_config": [],
                "ipv6_access_type": "",
                "name": "nic0",
                "network": "https://www.googleapis.com/compute/v1/projects/poised-octane-375919/global/networks/default",
                "network_ip": "10.128.0.36",
                "nic_type": "",
                "queue_count": 0,
                "stack_type": "IPV4_ONLY",
                "subnetwork": "https://www.googleapis.com/compute/v1/projects/poised-octane-375919/regions/us-central1/subnetworks/default",
                "subnetwork_project": "poised-octane-375919"
              }
            ],
            "project": "poised-octane-375919",
            "reservation_affinity": [],
            "resource_policies": [],
            "scheduling": [
              {
                "automatic_restart": true,
                "instance_termination_action": "",
                "min_node_cpus": 0,
                "node_affinities": [],
                "on_host_maintenance": "MIGRATE",
                "preemptible": false,
                "provisioning_model": "STANDARD"
              }
            ],
            "scratch_disk": [],
            "self_link": "https://www.googleapis.com/compute/v1/projects/poised-octane-375919/zones/us-central1-a/instances/jenkins-vm",
            "service_account": [],
            "shielded_instance_config": [
              {
                "enable_integrity_monitoring": true,
                "enable_secure_boot": false,
                "enable_vtpm": true
              }
            ],
            "tags": [],
            "tags_fingerprint": "42WmSpB8rSM=",
            "timeouts": null,
            "zone": "us-central1-a"
          },
          "sensitive_attributes": [],
          "private": "eyJlMmJmYjczMC1lY2FhLTExZTYtOGY4OC0zNDM2M2JjN2M0YzAiOnsiY3JlYXRlIjoxMjAwMDAwMDAwMDAwLCJkZWxldGUiOjEyMDAwMDAwMDAwMDAsInVwZGF0ZSI6MTIwMDAwMDAwMDAwMH0sInNjaGVtYV92ZXJzaW9uIjoiNiJ9"
        }
      ]
    },
    {
      "mode": "managed",
      "type": "google_container_cluster",
      "name": "k8s",
      "provider": "provider[\"registry.terraform.io/hashicorp/google\"]",
      "instances": [
        {
          "schema_version": 1,
          "attributes": {
            "addons_config": [
              {
                "cloudrun_config": [],
                "dns_cache_config": [],
                "gce_persistent_disk_csi_driver_config": [
                  {
                    "enabled": true
                  }
                ],
                "gcp_filestore_csi_driver_config": [],
                "gke_backup_agent_config": [],
                "horizontal_pod_autoscaling": [],
                "http_load_balancing": [],
                "network_policy_config": [
                  {
                    "disabled": true
                  }
                ]
              }
            ],
            "authenticator_groups_config": [],
            "binary_authorization": [
              {
                "enabled": false,
                "evaluation_mode": ""
              }
            ],
            "cluster_autoscaling": [
              {
                "auto_provisioning_defaults": [],
                "enabled": false,
                "resource_limits": []
              }
            ],
            "cluster_ipv4_cidr": "10.0.0.0/14",
            "confidential_nodes": [],
            "cost_management_config": [],
            "database_encryption": [
              {
                "key_name": "",
                "state": "DECRYPTED"
              }
            ],
            "datapath_provider": "",
            "default_max_pods_per_node": null,
            "default_snat_status": [
              {
                "disabled": false
              }
            ],
            "description": "",
            "dns_config": [],
            "enable_autopilot": false,
            "enable_binary_authorization": false,
            "enable_intranode_visibility": false,
            "enable_kubernetes_alpha": false,
            "enable_l4_ilb_subsetting": false,
            "enable_legacy_abac": false,
            "enable_shielded_nodes": true,
            "enable_tpu": false,
            "endpoint": "35.223.27.81",
            "gateway_api_config": [],
            "id": "projects/poised-octane-375919/locations/us-central1/clusters/k8s",
            "initial_node_count": 1,
            "ip_allocation_policy": [],
            "label_fingerprint": "a9dc16a7",
            "location": "us-central1",
            "logging_config": [
              {
                "enable_components": [
                  "SYSTEM_COMPONENTS",
                  "WORKLOADS"
                ]
              }
            ],
            "logging_service": "logging.googleapis.com/kubernetes",
            "maintenance_policy": [],
            "master_auth": [
              {
                "client_certificate": "",
                "client_certificate_config": [
                  {
                    "issue_client_certificate": false
                  }
                ],
                "client_key": "",
                "cluster_ca_certificate": "LS0tLS1CRUdJTiBDRVJUSUZJQ0FURS0tLS0tCk1JSUVMVENDQXBXZ0F3SUJBZ0lSQU1KOTgwcmJtWHlleXpheTA2ZEluM1V3RFFZSktvWklodmNOQVFFTEJRQXcKTHpFdE1Dc0dBMVVFQXhNa1pUVTROMlJoTXprdFpUWmlZUzAwTnpobExXRmxOVFV0TURWbVlUQXpNbVEzWkRWaApNQ0FYRFRJek1ERXlPREV6TWprd04xb1lEekl3TlRNd01USXdNVFF5T1RBM1dqQXZNUzB3S3dZRFZRUURFeVJsCk5UZzNaR0V6T1MxbE5tSmhMVFEzT0dVdFlXVTFOUzB3TldaaE1ETXlaRGRrTldFd2dnR2lNQTBHQ1NxR1NJYjMKRFFFQkFRVUFBNElCandBd2dnR0tBb0lCZ1FEbVJ3ZGE2SFVvc1A1clJsbFZRcm5hUy9oNkxJYkgveXpIUkFTdQo1WTdCT2JxTk9NN1BTZ1BTSnM0ZmVnYXNqUHF4OXhJd051ZUQ4cVJPWjNyZjdUTEk2Y0d3dXdjTHRUMW1OWDQ1Cm9ZK21lSlZEa0o0bXZkaThQQVFkazNOOHFDNm5VV01LbHUwMGlrSE5ZR2J1aFNzVHV4NGlWanFjZmNvVkVkR2gKUkNLNmF3eWV5ZEszbjNpa0VtZlB5YndDNitXSjhvSkVKcW44M0NGaXRCaEdaL0E0L1Rza1ZUN3N0bHp4cEt0bApUNW5YY25EdG9pQ0VhTE1rbm9DcUFiZTkza0pIVXBxZWVZa0E0SUVvZW5keWVSRXRKNk1PTU1maEZPYTU3c0h0CkFvOERjeWFxai8zb2dqc0ZBQWZmWnJ1UkJXaXNpeGNieStaSnFJUEE4SDJueHNzZ1FnNmVVWUVvdTA4R2hpUVkKR1RwRmcrZ01RTDlhNERKMTF4RndyWlMxQmdIbG1rQmlSbFZ0ZmdPNlU5c3FkWTVHOGpVbW5EcDlLbXFLMnRUcgpPa1RSYmJUV1pnbmt4WmNLM0hpcVZoeUdPTGVuMlYvMitaQ3ozNU9vNU9hYlNWZUNBY2dnVkxjVjNJSzlJdnJ1Cmg5NE44c095ZnNpc2hGZ1JoS0ZSZ3FvOE5zRUNBd0VBQWFOQ01FQXdEZ1lEVlIwUEFRSC9CQVFEQWdJRU1BOEcKQTFVZEV3RUIvd1FGTUFNQkFmOHdIUVlEVlIwT0JCWUVGQlV0Nm5Pa2dRV0pPNHJLMXVBNU5pSlRNcEtCTUEwRwpDU3FHU0liM0RRRUJDd1VBQTRJQmdRQzNDWUhlQmNQSU1ZMG5GZk4xSEliMlNEMTVuL2g3amdOZ0s4T2NXRWd0Ci9jeXg4NXJwY2ZITnpBQmt0QUl6K2RCMEw5a0JSWWtFT3ZtdDBtQUdJOGRBUC9OemkxZGIzVVhpNVlzQlBJbncKbUloUDVOODAvOFVmVndkZmFiOS9kOGRmRVhjenVzN1RoSjNXREZ2OFRGeVpCL0hNYzZuMHN1bWRvVDVOR21DVQo4aUdhTTFRNFdpU0ZNbjM0OG5sMHFMTUxTVDdYQ0pCUzdUcWl3MUp1RStITExoSzhjekZQVm9mSGdhZkRDM1d5ClZ3dFdrQnpBc2JkM2xvMllBUzJkcUZVTkUvZGttRHRKQ2tnRjQ4ZDhJMnRSSjVNVytLWXFzZ0U3cENjeUlYSnAKSHRrSjBtR21IWWpOR0NyQldoc0k2SnZMbHE4aGx1YWowOC9SOTFFSkdLK1RVbDh4VTV2blpDZy9GUGhWNy9EWQpMQldEVnRWaFpQMmpDU0tnQ0E4OC9zdmk5aVM1NElaNnBYbjk5YkVWcEx5T3pUODVKQlM0OCtMb3RrNXFYQkN1CktzejUrblJlTi9pM1lMUkRzWTZxMDdMVHludFZtYTVJSHl3Yjd1SkNHeUtFWVY2N2N4K0kxZk9sRjBCaUZ3VW4KalBYdUV0Nmtadi9SQytlYzJiTUxIU1U9Ci0tLS0tRU5EIENFUlRJRklDQVRFLS0tLS0K"
              }
            ],
            "master_authorized_networks_config": [],
            "master_version": "1.24.8-gke.2000",
            "mesh_certificates": [],
            "min_master_version": null,
            "monitoring_config": [
              {
                "enable_components": [
                  "SYSTEM_COMPONENTS"
                ],
                "managed_prometheus": []
              }
            ],
            "monitoring_service": "monitoring.googleapis.com/kubernetes",
            "name": "k8s",
            "network": "projects/poised-octane-375919/global/networks/default",
            "network_policy": [
              {
                "enabled": false,
                "provider": "PROVIDER_UNSPECIFIED"
              }
            ],
            "networking_mode": "ROUTES",
            "node_config": [
              {
                "boot_disk_kms_key": "",
                "disk_size_gb": 100,
                "disk_type": "pd-balanced",
                "gcfs_config": [],
                "guest_accelerator": [],
                "gvnic": [],
                "image_type": "COS_CONTAINERD",
                "kubelet_config": [],
                "labels": {},
                "linux_node_config": [],
                "local_ssd_count": 0,
                "logging_variant": "DEFAULT",
                "machine_type": "e2-medium",
                "metadata": {
                  "disable-legacy-endpoints": "true"
                },
                "min_cpu_platform": "",
                "node_group": "",
                "oauth_scopes": [
                  "https://www.googleapis.com/auth/devstorage.read_only",
                  "https://www.googleapis.com/auth/logging.write",
                  "https://www.googleapis.com/auth/monitoring",
                  "https://www.googleapis.com/auth/service.management.readonly",
                  "https://www.googleapis.com/auth/servicecontrol",
                  "https://www.googleapis.com/auth/trace.append"
                ],
                "preemptible": true,
                "reservation_affinity": [],
                "resource_labels": {},
                "service_account": "default",
                "shielded_instance_config": [
                  {
                    "enable_integrity_monitoring": true,
                    "enable_secure_boot": false
                  }
                ],
                "spot": false,
                "tags": [],
                "taint": [],
                "workload_metadata_config": []
              }
            ],
            "node_locations": [
              "us-central1-a",
              "us-central1-c",
              "us-central1-f"
            ],
            "node_pool": [
              {
                "autoscaling": [],
                "initial_node_count": 1,
                "instance_group_urls": [
                  "https://www.googleapis.com/compute/v1/projects/poised-octane-375919/zones/us-central1-c/instanceGroupManagers/gke-k8s-k8s-node-pool-ab038523-grp",
                  "https://www.googleapis.com/compute/v1/projects/poised-octane-375919/zones/us-central1-f/instanceGroupManagers/gke-k8s-k8s-node-pool-2d1d451e-grp",
                  "https://www.googleapis.com/compute/v1/projects/poised-octane-375919/zones/us-central1-a/instanceGroupManagers/gke-k8s-k8s-node-pool-ebbccdbc-grp"
                ],
                "managed_instance_group_urls": [
                  "https://www.googleapis.com/compute/v1/projects/poised-octane-375919/zones/us-central1-c/instanceGroups/gke-k8s-k8s-node-pool-ab038523-grp",
                  "https://www.googleapis.com/compute/v1/projects/poised-octane-375919/zones/us-central1-f/instanceGroups/gke-k8s-k8s-node-pool-2d1d451e-grp",
                  "https://www.googleapis.com/compute/v1/projects/poised-octane-375919/zones/us-central1-a/instanceGroups/gke-k8s-k8s-node-pool-ebbccdbc-grp"
                ],
                "management": [
                  {
                    "auto_repair": true,
                    "auto_upgrade": true
                  }
                ],
                "max_pods_per_node": 0,
                "name": "k8s-node-pool",
                "name_prefix": "",
                "network_config": [
                  {
                    "create_pod_range": false,
                    "enable_private_nodes": false,
                    "pod_ipv4_cidr_block": "",
                    "pod_range": ""
                  }
                ],
                "node_config": [
                  {
                    "boot_disk_kms_key": "",
                    "disk_size_gb": 100,
                    "disk_type": "pd-balanced",
                    "gcfs_config": [],
                    "guest_accelerator": [],
                    "gvnic": [],
                    "image_type": "COS_CONTAINERD",
                    "kubelet_config": [],
                    "labels": {},
                    "linux_node_config": [],
                    "local_ssd_count": 0,
                    "logging_variant": "DEFAULT",
                    "machine_type": "e2-medium",
                    "metadata": {
                      "disable-legacy-endpoints": "true"
                    },
                    "min_cpu_platform": "",
                    "node_group": "",
                    "oauth_scopes": [
                      "https://www.googleapis.com/auth/devstorage.read_only",
                      "https://www.googleapis.com/auth/logging.write",
                      "https://www.googleapis.com/auth/monitoring",
                      "https://www.googleapis.com/auth/service.management.readonly",
                      "https://www.googleapis.com/auth/servicecontrol",
                      "https://www.googleapis.com/auth/trace.append"
                    ],
                    "preemptible": true,
                    "reservation_affinity": [],
                    "resource_labels": {},
                    "service_account": "default",
                    "shielded_instance_config": [
                      {
                        "enable_integrity_monitoring": true,
                        "enable_secure_boot": false
                      }
                    ],
                    "spot": false,
                    "tags": [],
                    "taint": [],
                    "workload_metadata_config": []
                  }
                ],
                "node_count": 1,
                "node_locations": [
                  "us-central1-a",
                  "us-central1-c",
                  "us-central1-f"
                ],
                "placement_policy": [],
                "upgrade_settings": [
                  {
                    "blue_green_settings": [],
                    "max_surge": 1,
                    "max_unavailable": 0,
                    "strategy": "SURGE"
                  }
                ],
                "version": "1.24.8-gke.2000"
              }
            ],
            "node_pool_defaults": [
              {
                "node_config_defaults": [
                  {
                    "logging_variant": "DEFAULT"
                  }
                ]
              }
            ],
            "node_version": "1.24.8-gke.2000",
            "notification_config": [
              {
                "pubsub": [
                  {
                    "enabled": false,
                    "filter": [],
                    "topic": ""
                  }
                ]
              }
            ],
            "operation": null,
            "private_cluster_config": [
              {
                "enable_private_endpoint": false,
                "enable_private_nodes": false,
                "master_global_access_config": [
                  {
                    "enabled": false
                  }
                ],
                "master_ipv4_cidr_block": "",
                "peering_name": "",
                "private_endpoint": "10.128.0.37",
                "private_endpoint_subnetwork": "",
                "public_endpoint": "35.223.27.81"
              }
            ],
            "private_ipv6_google_access": "",
            "project": "poised-octane-375919",
            "release_channel": [
              {
                "channel": "REGULAR"
              }
            ],
            "remove_default_node_pool": true,
            "resource_labels": {},
            "resource_usage_export_config": [],
            "self_link": "https://container.googleapis.com/v1/projects/poised-octane-375919/locations/us-central1/clusters/k8s",
            "service_external_ips_config": [
              {
                "enabled": false
              }
            ],
            "services_ipv4_cidr": "10.3.240.0/20",
            "subnetwork": "projects/poised-octane-375919/regions/us-central1/subnetworks/default",
            "timeouts": null,
            "tpu_ipv4_cidr_block": "",
            "vertical_pod_autoscaling": [],
            "workload_identity_config": []
          },
          "sensitive_attributes": [],
          "private": "eyJlMmJmYjczMC1lY2FhLTExZTYtOGY4OC0zNDM2M2JjN2M0YzAiOnsiY3JlYXRlIjoyNDAwMDAwMDAwMDAwLCJkZWxldGUiOjI0MDAwMDAwMDAwMDAsInJlYWQiOjI0MDAwMDAwMDAwMDAsInVwZGF0ZSI6MzYwMDAwMDAwMDAwMH0sInNjaGVtYV92ZXJzaW9uIjoiMSJ9"
        }
      ]
    },
    {
      "mode": "managed",
      "type": "google_container_node_pool",
      "name": "k8s_preemptible_nodes",
      "provider": "provider[\"registry.terraform.io/hashicorp/google\"]",
      "instances": [
        {
          "schema_version": 1,
          "attributes": {
            "autoscaling": [],
            "cluster": "k8s",
            "id": "projects/poised-octane-375919/locations/us-central1/clusters/k8s/nodePools/k8s-node-pool",
            "initial_node_count": 1,
            "instance_group_urls": [
              "https://www.googleapis.com/compute/v1/projects/poised-octane-375919/zones/us-central1-c/instanceGroupManagers/gke-k8s-k8s-node-pool-ab038523-grp",
              "https://www.googleapis.com/compute/v1/projects/poised-octane-375919/zones/us-central1-f/instanceGroupManagers/gke-k8s-k8s-node-pool-2d1d451e-grp",
              "https://www.googleapis.com/compute/v1/projects/poised-octane-375919/zones/us-central1-a/instanceGroupManagers/gke-k8s-k8s-node-pool-ebbccdbc-grp"
            ],
            "location": "us-central1",
            "managed_instance_group_urls": [
              "https://www.googleapis.com/compute/v1/projects/poised-octane-375919/zones/us-central1-c/instanceGroups/gke-k8s-k8s-node-pool-ab038523-grp",
              "https://www.googleapis.com/compute/v1/projects/poised-octane-375919/zones/us-central1-f/instanceGroups/gke-k8s-k8s-node-pool-2d1d451e-grp",
              "https://www.googleapis.com/compute/v1/projects/poised-octane-375919/zones/us-central1-a/instanceGroups/gke-k8s-k8s-node-pool-ebbccdbc-grp"
            ],
            "management": [
              {
                "auto_repair": true,
                "auto_upgrade": true
              }
            ],
            "max_pods_per_node": null,
            "name": "k8s-node-pool",
            "name_prefix": "",
            "network_config": [
              {
                "create_pod_range": false,
                "enable_private_nodes": false,
                "pod_ipv4_cidr_block": "",
                "pod_range": ""
              }
            ],
            "node_config": [
              {
                "boot_disk_kms_key": "",
                "disk_size_gb": 100,
                "disk_type": "pd-balanced",
                "gcfs_config": [],
                "guest_accelerator": [],
                "gvnic": [],
                "image_type": "COS_CONTAINERD",
                "kubelet_config": [],
                "labels": {},
                "linux_node_config": [],
                "local_ssd_count": 0,
                "logging_variant": "DEFAULT",
                "machine_type": "e2-medium",
                "metadata": {
                  "disable-legacy-endpoints": "true"
                },
                "min_cpu_platform": "",
                "node_group": "",
                "oauth_scopes": [
                  "https://www.googleapis.com/auth/devstorage.read_only",
                  "https://www.googleapis.com/auth/logging.write",
                  "https://www.googleapis.com/auth/monitoring",
                  "https://www.googleapis.com/auth/service.management.readonly",
                  "https://www.googleapis.com/auth/servicecontrol",
                  "https://www.googleapis.com/auth/trace.append"
                ],
                "preemptible": true,
                "reservation_affinity": [],
                "resource_labels": {},
                "service_account": "default",
                "shielded_instance_config": [
                  {
                    "enable_integrity_monitoring": true,
                    "enable_secure_boot": false
                  }
                ],
                "spot": false,
                "tags": [],
                "taint": [],
                "workload_metadata_config": []
              }
            ],
            "node_count": 1,
            "node_locations": [
              "us-central1-a",
              "us-central1-c",
              "us-central1-f"
            ],
            "operation": null,
            "placement_policy": [],
            "project": "poised-octane-375919",
            "timeouts": null,
            "upgrade_settings": [
              {
                "blue_green_settings": [],
                "max_surge": 1,
                "max_unavailable": 0,
                "strategy": "SURGE"
              }
            ],
            "version": "1.24.8-gke.2000"
          },
          "sensitive_attributes": [],
          "private": "eyJlMmJmYjczMC1lY2FhLTExZTYtOGY4OC0zNDM2M2JjN2M0YzAiOnsiY3JlYXRlIjoxODAwMDAwMDAwMDAwLCJkZWxldGUiOjE4MDAwMDAwMDAwMDAsInVwZGF0ZSI6MTgwMDAwMDAwMDAwMH0sInNjaGVtYV92ZXJzaW9uIjoiMSJ9",
          "dependencies": [
            "google_container_cluster.k8s"
          ]
        }
      ]
    }
  ],
  "check_results": null
}
