{
  "version": 4,
  "terraform_version": "1.3.7",
  "serial": 5,
  "lineage": "bd96ec2b-ec74-97cc-9268-64eff9ea053c",
  "outputs": {
    "jenkins-vm-ip": {
      "value": "35.192.166.83",
      "type": "string"
    }
  },
  "resources": [
    {
      "mode": "managed",
      "type": "google_compute_firewall",
      "name": "jenkins-port",
      "provider": "provider[\"registry.terraform.io/hashicorp/google\"]",
      "instances": [
        {
          "schema_version": 1,
          "attributes": {
            "allow": [
              {
                "ports": [
                  "8080"
                ],
                "protocol": "tcp"
              }
            ],
            "creation_timestamp": "2023-01-29T04:49:15.730-08:00",
            "deny": [],
            "description": "",
            "destination_ranges": [],
            "direction": "INGRESS",
            "disabled": false,
            "enable_logging": null,
            "id": "projects/jornada-376212/global/firewalls/jenkins-port",
            "log_config": [],
            "name": "jenkins-port",
            "network": "https://www.googleapis.com/compute/v1/projects/jornada-376212/global/networks/default",
            "priority": 1000,
            "project": "jornada-376212",
            "self_link": "https://www.googleapis.com/compute/v1/projects/jornada-376212/global/firewalls/jenkins-port",
            "source_ranges": [
              "0.0.0.0/0"
            ],
            "source_service_accounts": null,
            "source_tags": null,
            "target_service_accounts": null,
            "target_tags": [
              "jenkins-vm"
            ],
            "timeouts": null
          },
          "sensitive_attributes": [],
          "private": "eyJlMmJmYjczMC1lY2FhLTExZTYtOGY4OC0zNDM2M2JjN2M0YzAiOnsiY3JlYXRlIjoxMjAwMDAwMDAwMDAwLCJkZWxldGUiOjEyMDAwMDAwMDAwMDAsInVwZGF0ZSI6MTIwMDAwMDAwMDAwMH0sInNjaGVtYV92ZXJzaW9uIjoiMSJ9"
        }
      ]
    },
    {
      "mode": "managed",
      "type": "google_compute_instance",
      "name": "default",
      "provider": "provider[\"registry.terraform.io/hashicorp/google\"]",
      "instances": [
        {
          "schema_version": 6,
          "attributes": {
            "advanced_machine_features": [],
            "allow_stopping_for_update": null,
            "attached_disk": [],
            "boot_disk": [
              {
                "auto_delete": true,
                "device_name": "persistent-disk-0",
                "disk_encryption_key_raw": "",
                "disk_encryption_key_sha256": "",
                "initialize_params": [
                  {
                    "image": "https://www.googleapis.com/compute/v1/projects/ubuntu-os-cloud/global/images/ubuntu-2204-jammy-v20230114",
                    "labels": {},
                    "size": 10,
                    "type": "pd-standard"
                  }
                ],
                "kms_key_self_link": "",
                "mode": "READ_WRITE",
                "source": "https://www.googleapis.com/compute/v1/projects/jornada-376212/zones/us-central1-a/disks/jenkins-vm"
              }
            ],
            "can_ip_forward": false,
            "confidential_instance_config": [],
            "cpu_platform": "Intel Haswell",
            "current_status": "RUNNING",
            "deletion_protection": false,
            "description": "",
            "desired_status": null,
            "enable_display": false,
            "guest_accelerator": [],
            "hostname": "",
            "id": "projects/jornada-376212/zones/us-central1-a/instances/jenkins-vm",
            "instance_id": "3018140618057307554",
            "label_fingerprint": "42WmSpB8rSM=",
            "labels": null,
            "machine_type": "n1-standard-2",
            "metadata": null,
            "metadata_fingerprint": "gBnJl7V0jk4=",
            "metadata_startup_script": null,
            "min_cpu_platform": "",
            "name": "jenkins-vm",
            "network_interface": [
              {
                "access_config": [
                  {
                    "nat_ip": "35.192.166.83",
                    "network_tier": "PREMIUM",
                    "public_ptr_domain_name": ""
                  }
                ],
                "alias_ip_range": [],
                "ipv6_access_config": [],
                "ipv6_access_type": "",
                "name": "nic0",
                "network": "https://www.googleapis.com/compute/v1/projects/jornada-376212/global/networks/default",
                "network_ip": "10.128.0.2",
                "nic_type": "",
                "queue_count": 0,
                "stack_type": "IPV4_ONLY",
                "subnetwork": "https://www.googleapis.com/compute/v1/projects/jornada-376212/regions/us-central1/subnetworks/default",
                "subnetwork_project": "jornada-376212"
              }
            ],
            "project": "jornada-376212",
            "reservation_affinity": [],
            "resource_policies": null,
            "scheduling": [
              {
                "automatic_restart": true,
                "instance_termination_action": "",
                "min_node_cpus": 0,
                "node_affinities": [],
                "on_host_maintenance": "MIGRATE",
                "preemptible": false,
                "provisioning_model": "STANDARD"
              }
            ],
            "scratch_disk": [],
            "self_link": "https://www.googleapis.com/compute/v1/projects/jornada-376212/zones/us-central1-a/instances/jenkins-vm",
            "service_account": [],
            "shielded_instance_config": [
              {
                "enable_integrity_monitoring": true,
                "enable_secure_boot": false,
                "enable_vtpm": true
              }
            ],
            "tags": [
              "jenkins-vm"
            ],
            "tags_fingerprint": "3Y98GIlmoxY=",
            "timeouts": null,
            "zone": "us-central1-a"
          },
          "sensitive_attributes": [],
          "private": "eyJlMmJmYjczMC1lY2FhLTExZTYtOGY4OC0zNDM2M2JjN2M0YzAiOnsiY3JlYXRlIjoxMjAwMDAwMDAwMDAwLCJkZWxldGUiOjEyMDAwMDAwMDAwMDAsInVwZGF0ZSI6MTIwMDAwMDAwMDAwMH0sInNjaGVtYV92ZXJzaW9uIjoiNiJ9"
        }
      ]
    },
    {
      "mode": "managed",
      "type": "google_container_cluster",
      "name": "k8s",
      "provider": "provider[\"registry.terraform.io/hashicorp/google\"]",
      "instances": [
        {
          "schema_version": 1,
          "attributes": {
            "addons_config": [
              {
                "cloudrun_config": [],
                "dns_cache_config": [],
                "gce_persistent_disk_csi_driver_config": [
                  {
                    "enabled": true
                  }
                ],
                "gcp_filestore_csi_driver_config": [],
                "gke_backup_agent_config": [],
                "horizontal_pod_autoscaling": [],
                "http_load_balancing": [],
                "network_policy_config": [
                  {
                    "disabled": true
                  }
                ]
              }
            ],
            "authenticator_groups_config": [],
            "binary_authorization": [
              {
                "enabled": false,
                "evaluation_mode": ""
              }
            ],
            "cluster_autoscaling": [
              {
                "auto_provisioning_defaults": [],
                "enabled": false,
                "resource_limits": []
              }
            ],
            "cluster_ipv4_cidr": "10.0.0.0/14",
            "confidential_nodes": [],
            "cost_management_config": [],
            "database_encryption": [
              {
                "key_name": "",
                "state": "DECRYPTED"
              }
            ],
            "datapath_provider": "",
            "default_max_pods_per_node": null,
            "default_snat_status": [
              {
                "disabled": false
              }
            ],
            "description": "",
            "dns_config": [],
            "enable_autopilot": false,
            "enable_binary_authorization": false,
            "enable_intranode_visibility": false,
            "enable_kubernetes_alpha": false,
            "enable_l4_ilb_subsetting": false,
            "enable_legacy_abac": false,
            "enable_shielded_nodes": true,
            "enable_tpu": false,
            "endpoint": "35.193.64.106",
            "gateway_api_config": [],
            "id": "projects/jornada-376212/locations/us-central1/clusters/k8s",
            "initial_node_count": 1,
            "ip_allocation_policy": [],
            "label_fingerprint": "a9dc16a7",
            "location": "us-central1",
            "logging_config": [
              {
                "enable_components": [
                  "SYSTEM_COMPONENTS",
                  "WORKLOADS"
                ]
              }
            ],
            "logging_service": "logging.googleapis.com/kubernetes",
            "maintenance_policy": [],
            "master_auth": [
              {
                "client_certificate": "",
                "client_certificate_config": [
                  {
                    "issue_client_certificate": false
                  }
                ],
                "client_key": "",
                "cluster_ca_certificate": "LS0tLS1CRUdJTiBDRVJUSUZJQ0FURS0tLS0tCk1JSUVMRENDQXBTZ0F3SUJBZ0lRYmNEdUwvK2RnZENXMCt0SlBOV1lRVEFOQmdrcWhraUc5dzBCQVFzRkFEQXYKTVMwd0t3WURWUVFERXlRd1l6bGhNak16WVMxa1l6QXhMVFJrWlRBdFlXWTFaaTAwTVRGaVpqazRZamswTlRBdwpJQmNOTWpNd01USTVNVEUwT1RFMldoZ1BNakExTXpBeE1qRXhNalE1TVRaYU1DOHhMVEFyQmdOVkJBTVRKREJqCk9XRXlNek5oTFdSak1ERXROR1JsTUMxaFpqVm1MVFF4TVdKbU9UaGlPVFExTURDQ0FhSXdEUVlKS29aSWh2Y04KQVFFQkJRQURnZ0dQQURDQ0FZb0NnZ0dCQU9tc1dpQjNONDdHc0FrRTBHV1psOHdTS29NWmtjc0k5d2JMbGpsUApIQmlqMnFZcVVBTzkrSnZQbnRIT3BFaGFpWXU2Mk4zb3dUeHo5OGUrYm1SOXFxS0lBTVcvOUp3KzJkZFRPemxaCjNYdlVlbjZKT2gwRE9vaXllUFlVZnRYeU1zeGN1ZkViNEw2dXgyQ0YxSUYvQmZGeXhReWt0QW9uKzB0UmtMU1EKQTBuQjJxQWJxVEJIMGh2QlpENFMvYjdTTDlneFZrK01TaUJOUDd5Q0cxWnBYVW5tVlAxb2JtRnI3SDcxZTRhbwpPaGhyMnRyb29EampQV25Vak9sZ0hHUG1OZU95dTFpS2FjYWNaNFc0MnFCZzJOZytiMm02UUk0Nm1Wc0hFQk53CisrVlg0QUcxQVJZYStGa0FVT1lwUzJaTm1oNUlsM0xEbWVKT2pnSTZZSFlmUVZWVlpCcng5L09JZkpBQjhHS1MKL3RTbCtha1gyTGhiOEUxZzVVZTVzb3NIMGlQMDVWeWN1ZXFVMVBuMm80bWJmSG9UaG5PelhCYWRWYW8yT254MApJRDVVbVJvNDFveTFJQWlmekZ2SkNvZ3VTaXAxN0dHRHl3OC9lbjhRM2ZTU2ZhN1lDYWFEUHpDYTFGZ3I0bHNsCmpTVU1FM0psb25wb0E5clNOeEsybXRwK1NRSURBUUFCbzBJd1FEQU9CZ05WSFE4QkFmOEVCQU1DQWdRd0R3WUQKVlIwVEFRSC9CQVV3QXdFQi96QWRCZ05WSFE0RUZnUVUraGFIOG5xMHlHOVRDRnh2SW83SHhCSmt4VVl3RFFZSgpLb1pJaHZjTkFRRUxCUUFEZ2dHQkFHNlVtc2orRWJhMzB5T0ZGZGRxdk1Cb0Mwdkkvb2paZWdIclh6QnI3YmsrCkxObXNSdTgxN1JLK0Y0SjV6RFVHSWJoaWszL2RLTnBHMENtZ2xpVEEzbkh5T3dvVG5uS3NoQVg4LzkwZElsbnkKQjhUZldIblNieEIrRTQ1NVRzc3BqSnNWYnBMbEVvM1JxNk9UZVJ0NTRxMExOT0QwNFJSY2JMbjgzZENwRUxMbApaVDFJbDlZWktDeGk3QUxFeGEyMVJKUDJzdnhjSmdxcnFUMS9EZ0w3NUxxVHZzYlpmS214RmViRW42RCtjREdZCnAyNmVERzVXSmRxQlRUVEd4WFVvSjd0WWZaQ095RjdVY1VmSzZ0ZWJhbWxmOUV4TkVTMEs2eXVueE4vN2duamgKUGZsOWlHMGgvcjhqUVVQSFVCREF1S29JNzZoUWJFaThKL3A1dXduN3gxZ25kZmVqS3dRMXRKbS82STg2eDkrNgpmN2tnTlBJT29LRTVMU0ExUnViOEJaYmVVRXcrbkNGRyt3V2tRNUJiM0s4eVJsQVZnRkJ6Q1lyZkpMdiswQjRnClJ3WUZ4eVVnQzFMSmJSMWdmdyszNkpZc0lYUmp5Y0k0R29TbVZXZm1CcjV4bWtoUUVoTEpuUEc5aGxzNFNlRUgKZ3FadGhYZ1RHNERlc244YTFJYWdIQT09Ci0tLS0tRU5EIENFUlRJRklDQVRFLS0tLS0K"
              }
            ],
            "master_authorized_networks_config": [],
            "master_version": "1.24.8-gke.2000",
            "mesh_certificates": [],
            "min_master_version": null,
            "monitoring_config": [
              {
                "enable_components": [
                  "SYSTEM_COMPONENTS"
                ],
                "managed_prometheus": []
              }
            ],
            "monitoring_service": "monitoring.googleapis.com/kubernetes",
            "name": "k8s",
            "network": "projects/jornada-376212/global/networks/default",
            "network_policy": [
              {
                "enabled": false,
                "provider": "PROVIDER_UNSPECIFIED"
              }
            ],
            "networking_mode": "ROUTES",
            "node_config": [],
            "node_locations": [
              "us-central1-a",
              "us-central1-b",
              "us-central1-c"
            ],
            "node_pool": [],
            "node_pool_defaults": [
              {
                "node_config_defaults": [
                  {
                    "logging_variant": "DEFAULT"
                  }
                ]
              }
            ],
            "node_version": "1.24.8-gke.2000",
            "notification_config": [
              {
                "pubsub": [
                  {
                    "enabled": false,
                    "filter": [],
                    "topic": ""
                  }
                ]
              }
            ],
            "operation": null,
            "private_cluster_config": [
              {
                "enable_private_endpoint": false,
                "enable_private_nodes": false,
                "master_global_access_config": [
                  {
                    "enabled": false
                  }
                ],
                "master_ipv4_cidr_block": "",
                "peering_name": "",
                "private_endpoint": "10.128.0.3",
                "private_endpoint_subnetwork": "",
                "public_endpoint": "35.193.64.106"
              }
            ],
            "private_ipv6_google_access": "",
            "project": "jornada-376212",
            "release_channel": [
              {
                "channel": "REGULAR"
              }
            ],
            "remove_default_node_pool": true,
            "resource_labels": null,
            "resource_usage_export_config": [],
            "self_link": "https://container.googleapis.com/v1/projects/jornada-376212/locations/us-central1/clusters/k8s",
            "service_external_ips_config": [
              {
                "enabled": false
              }
            ],
            "services_ipv4_cidr": "10.3.240.0/20",
            "subnetwork": "projects/jornada-376212/regions/us-central1/subnetworks/default",
            "timeouts": null,
            "tpu_ipv4_cidr_block": "",
            "vertical_pod_autoscaling": [],
            "workload_identity_config": []
          },
          "sensitive_attributes": [],
          "private": "eyJlMmJmYjczMC1lY2FhLTExZTYtOGY4OC0zNDM2M2JjN2M0YzAiOnsiY3JlYXRlIjoyNDAwMDAwMDAwMDAwLCJkZWxldGUiOjI0MDAwMDAwMDAwMDAsInJlYWQiOjI0MDAwMDAwMDAwMDAsInVwZGF0ZSI6MzYwMDAwMDAwMDAwMH0sInNjaGVtYV92ZXJzaW9uIjoiMSJ9"
        }
      ]
    },
    {
      "mode": "managed",
      "type": "google_container_node_pool",
      "name": "k8s_preemptible_nodes",
      "provider": "provider[\"registry.terraform.io/hashicorp/google\"]",
      "instances": [
        {
          "schema_version": 1,
          "attributes": {
            "autoscaling": [],
            "cluster": "k8s",
            "id": "projects/jornada-376212/locations/us-central1/clusters/k8s/nodePools/k8s-node-pool",
            "initial_node_count": 1,
            "instance_group_urls": [
              "https://www.googleapis.com/compute/v1/projects/jornada-376212/zones/us-central1-a/instanceGroupManagers/gke-k8s-k8s-node-pool-1c89e2f5-grp",
              "https://www.googleapis.com/compute/v1/projects/jornada-376212/zones/us-central1-c/instanceGroupManagers/gke-k8s-k8s-node-pool-f4628288-grp",
              "https://www.googleapis.com/compute/v1/projects/jornada-376212/zones/us-central1-b/instanceGroupManagers/gke-k8s-k8s-node-pool-ea222356-grp"
            ],
            "location": "us-central1",
            "managed_instance_group_urls": [
              "https://www.googleapis.com/compute/v1/projects/jornada-376212/zones/us-central1-a/instanceGroups/gke-k8s-k8s-node-pool-1c89e2f5-grp",
              "https://www.googleapis.com/compute/v1/projects/jornada-376212/zones/us-central1-c/instanceGroups/gke-k8s-k8s-node-pool-f4628288-grp",
              "https://www.googleapis.com/compute/v1/projects/jornada-376212/zones/us-central1-b/instanceGroups/gke-k8s-k8s-node-pool-ea222356-grp"
            ],
            "management": [
              {
                "auto_repair": true,
                "auto_upgrade": true
              }
            ],
            "max_pods_per_node": null,
            "name": "k8s-node-pool",
            "name_prefix": "",
            "network_config": [
              {
                "create_pod_range": false,
                "enable_private_nodes": false,
                "pod_ipv4_cidr_block": "",
                "pod_range": ""
              }
            ],
            "node_config": [
              {
                "boot_disk_kms_key": "",
                "disk_size_gb": 100,
                "disk_type": "pd-balanced",
                "gcfs_config": [],
                "guest_accelerator": [],
                "gvnic": [],
                "image_type": "COS_CONTAINERD",
                "kubelet_config": [],
                "labels": {},
                "linux_node_config": [],
                "local_ssd_count": 0,
                "logging_variant": "DEFAULT",
                "machine_type": "e2-medium",
                "metadata": {
                  "disable-legacy-endpoints": "true"
                },
                "min_cpu_platform": "",
                "node_group": "",
                "oauth_scopes": [
                  "https://www.googleapis.com/auth/devstorage.read_only",
                  "https://www.googleapis.com/auth/logging.write",
                  "https://www.googleapis.com/auth/monitoring",
                  "https://www.googleapis.com/auth/service.management.readonly",
                  "https://www.googleapis.com/auth/servicecontrol",
                  "https://www.googleapis.com/auth/trace.append"
                ],
                "preemptible": true,
                "reservation_affinity": [],
                "resource_labels": null,
                "service_account": "default",
                "shielded_instance_config": [
                  {
                    "enable_integrity_monitoring": true,
                    "enable_secure_boot": false
                  }
                ],
                "spot": false,
                "tags": null,
                "taint": [],
                "workload_metadata_config": []
              }
            ],
            "node_count": 1,
            "node_locations": [
              "us-central1-a",
              "us-central1-b",
              "us-central1-c"
            ],
            "operation": null,
            "placement_policy": [],
            "project": "jornada-376212",
            "timeouts": null,
            "upgrade_settings": [
              {
                "blue_green_settings": [],
                "max_surge": 1,
                "max_unavailable": 0,
                "strategy": "SURGE"
              }
            ],
            "version": "1.24.8-gke.2000"
          },
          "sensitive_attributes": [],
          "private": "eyJlMmJmYjczMC1lY2FhLTExZTYtOGY4OC0zNDM2M2JjN2M0YzAiOnsiY3JlYXRlIjoxODAwMDAwMDAwMDAwLCJkZWxldGUiOjE4MDAwMDAwMDAwMDAsInVwZGF0ZSI6MTgwMDAwMDAwMDAwMH0sInNjaGVtYV92ZXJzaW9uIjoiMSJ9",
          "dependencies": [
            "google_container_cluster.k8s"
          ]
        }
      ]
    }
  ],
  "check_results": null
}
