{
  "version": 4,
  "terraform_version": "1.3.7",
  "serial": 19,
  "lineage": "34c2fa65-26e6-ba6a-3f45-18e125c7e782",
  "outputs": {},
  "resources": [
    {
      "mode": "managed",
      "type": "google_compute_instance",
      "name": "default",
      "provider": "provider[\"registry.terraform.io/hashicorp/google\"]",
      "instances": [
        {
          "schema_version": 6,
          "attributes": {
            "advanced_machine_features": [],
            "allow_stopping_for_update": null,
            "attached_disk": [],
            "boot_disk": [
              {
                "auto_delete": true,
                "device_name": "persistent-disk-0",
                "disk_encryption_key_raw": "",
                "disk_encryption_key_sha256": "",
                "initialize_params": [
                  {
                    "image": "https://www.googleapis.com/compute/v1/projects/ubuntu-os-cloud/global/images/ubuntu-2204-jammy-v20230114",
                    "labels": {},
                    "size": 10,
                    "type": "pd-standard"
                  }
                ],
                "kms_key_self_link": "",
                "mode": "READ_WRITE",
                "source": "https://www.googleapis.com/compute/v1/projects/poised-octane-375919/zones/southamerica-east1-a/disks/jenkins-vm"
              }
            ],
            "can_ip_forward": false,
            "confidential_instance_config": [],
            "cpu_platform": "Intel Broadwell",
            "current_status": "RUNNING",
            "deletion_protection": false,
            "description": "",
            "desired_status": null,
            "enable_display": false,
            "guest_accelerator": [],
            "hostname": "",
            "id": "projects/poised-octane-375919/zones/southamerica-east1-a/instances/jenkins-vm",
            "instance_id": "1148088939433581852",
            "label_fingerprint": "42WmSpB8rSM=",
            "labels": {},
            "machine_type": "f1-micro",
            "metadata": {},
            "metadata_fingerprint": "CFmnorz32-w=",
            "metadata_startup_script": null,
            "min_cpu_platform": "",
            "name": "jenkins-vm",
            "network_interface": [
              {
                "access_config": [
                  {
                    "nat_ip": "35.247.194.27",
                    "network_tier": "PREMIUM",
                    "public_ptr_domain_name": ""
                  }
                ],
                "alias_ip_range": [],
                "ipv6_access_config": [],
                "ipv6_access_type": "",
                "name": "nic0",
                "network": "https://www.googleapis.com/compute/v1/projects/poised-octane-375919/global/networks/default",
                "network_ip": "10.158.0.12",
                "nic_type": "",
                "queue_count": 0,
                "stack_type": "IPV4_ONLY",
                "subnetwork": "https://www.googleapis.com/compute/v1/projects/poised-octane-375919/regions/southamerica-east1/subnetworks/default",
                "subnetwork_project": "poised-octane-375919"
              }
            ],
            "project": "poised-octane-375919",
            "reservation_affinity": [],
            "resource_policies": [],
            "scheduling": [
              {
                "automatic_restart": true,
                "instance_termination_action": "",
                "min_node_cpus": 0,
                "node_affinities": [],
                "on_host_maintenance": "MIGRATE",
                "preemptible": false,
                "provisioning_model": "STANDARD"
              }
            ],
            "scratch_disk": [],
            "self_link": "https://www.googleapis.com/compute/v1/projects/poised-octane-375919/zones/southamerica-east1-a/instances/jenkins-vm",
            "service_account": [],
            "shielded_instance_config": [
              {
                "enable_integrity_monitoring": true,
                "enable_secure_boot": false,
                "enable_vtpm": true
              }
            ],
            "tags": [],
            "tags_fingerprint": "42WmSpB8rSM=",
            "timeouts": null,
            "zone": "southamerica-east1-a"
          },
          "sensitive_attributes": [],
          "private": "eyJlMmJmYjczMC1lY2FhLTExZTYtOGY4OC0zNDM2M2JjN2M0YzAiOnsiY3JlYXRlIjoxMjAwMDAwMDAwMDAwLCJkZWxldGUiOjEyMDAwMDAwMDAwMDAsInVwZGF0ZSI6MTIwMDAwMDAwMDAwMH0sInNjaGVtYV92ZXJzaW9uIjoiNiJ9"
        }
      ]
    },
    {
      "mode": "managed",
      "type": "google_container_cluster",
      "name": "k8s",
      "provider": "provider[\"registry.terraform.io/hashicorp/google\"]",
      "instances": [
        {
          "schema_version": 1,
          "attributes": {
            "addons_config": [
              {
                "cloudrun_config": [],
                "dns_cache_config": [],
                "gce_persistent_disk_csi_driver_config": [
                  {
                    "enabled": true
                  }
                ],
                "gcp_filestore_csi_driver_config": [],
                "gke_backup_agent_config": [],
                "horizontal_pod_autoscaling": [],
                "http_load_balancing": [],
                "network_policy_config": [
                  {
                    "disabled": true
                  }
                ]
              }
            ],
            "authenticator_groups_config": [],
            "binary_authorization": [
              {
                "enabled": false,
                "evaluation_mode": ""
              }
            ],
            "cluster_autoscaling": [
              {
                "auto_provisioning_defaults": [],
                "enabled": false,
                "resource_limits": []
              }
            ],
            "cluster_ipv4_cidr": "10.76.0.0/14",
            "confidential_nodes": [],
            "cost_management_config": [],
            "database_encryption": [
              {
                "key_name": "",
                "state": "DECRYPTED"
              }
            ],
            "datapath_provider": "",
            "default_max_pods_per_node": null,
            "default_snat_status": [
              {
                "disabled": false
              }
            ],
            "description": "",
            "dns_config": [],
            "enable_autopilot": false,
            "enable_binary_authorization": false,
            "enable_intranode_visibility": false,
            "enable_kubernetes_alpha": false,
            "enable_l4_ilb_subsetting": false,
            "enable_legacy_abac": false,
            "enable_shielded_nodes": true,
            "enable_tpu": false,
            "endpoint": "35.199.84.30",
            "gateway_api_config": [],
            "id": "projects/poised-octane-375919/locations/southamerica-east1/clusters/k8s",
            "initial_node_count": 1,
            "ip_allocation_policy": [],
            "label_fingerprint": "a9dc16a7",
            "location": "southamerica-east1",
            "logging_config": [
              {
                "enable_components": [
                  "SYSTEM_COMPONENTS",
                  "WORKLOADS"
                ]
              }
            ],
            "logging_service": "logging.googleapis.com/kubernetes",
            "maintenance_policy": [],
            "master_auth": [
              {
                "client_certificate": "",
                "client_certificate_config": [
                  {
                    "issue_client_certificate": false
                  }
                ],
                "client_key": "",
                "cluster_ca_certificate": "LS0tLS1CRUdJTiBDRVJUSUZJQ0FURS0tLS0tCk1JSUVMRENDQXBTZ0F3SUJBZ0lRS1poYzh5Qlo1RkVmK3U4SjdHeDd0akFOQmdrcWhraUc5dzBCQVFzRkFEQXYKTVMwd0t3WURWUVFERXlSaFpUQTFZbU0yTlMxaU9EZ3lMVFF4WkRZdFlUQXhaUzFtT1dZME1tTm1OVGt5TjJNdwpJQmNOTWpNd01USTNNVFV3TURVNVdoZ1BNakExTXpBeE1Ua3hOakF3TlRsYU1DOHhMVEFyQmdOVkJBTVRKR0ZsCk1EVmlZelkxTFdJNE9ESXROREZrTmkxaE1ERmxMV1k1WmpReVkyWTFPVEkzWXpDQ0FhSXdEUVlKS29aSWh2Y04KQVFFQkJRQURnZ0dQQURDQ0FZb0NnZ0dCQUpCWm5KME1UZENWZVJjcWdYZit1R0VTS3lPRzh3eXFsbndpcENPZwpGdDNGL3dwZkJaMHBPQlVpWXJiT3ZsQVpyVXMrMUUyczQ3b2J4d3dJOFA0RWs4dHpTZ3V3cFlHUTF4Nm9oNE5tCndpdDVTRVdDOTQxNUd3THI0dnBFQWVVUVF3WHAzYU9sVzNpVy9YUEMyTXBnWG5rR0thODBicVh6bEFCZUh4TlcKbU9rSit3enVIVlY5c0pZVTdKVU1FWjI2VFJIckgxamxjMGpsV3RNZXp1OFFheE5VWTVKQUx6SWJuLyt2aTFqQQpzK25UOHRuMnRUbE83aUNoUGdIeU9WU1RRZ2tCbnVzWmp5N0FlYTZiS1lsYlpoZDk2NUJSdStvWXJRaFZxOWZECldNQzIwYml5RmtydS96UVd2Q2pjb00rTTV2REJTcGhKcFp5Nm9WdDczcWJBVFpPMHlGZHFCa1E0bjk5elp0eXEKRExvVm52SzVmVUpWSVJiYURxQXpUWkh6T01sTzhkSkVLeFl0RFNSUi9OQzkzVEVEV0xCNFBKb3NXNTVyOVhmMgoyOTNrcFgxb0FxY2FhS0p4dTJRUWJDWk5rR1RVRTBvTUV5SXdZc2h1ZzV1R2liN0NJZDZSeXlrTE5oMVJZMm9SCklJTWtSN1lTS2diTVpHeG9iWEJSekV2b2J3SURBUUFCbzBJd1FEQU9CZ05WSFE4QkFmOEVCQU1DQWdRd0R3WUQKVlIwVEFRSC9CQVV3QXdFQi96QWRCZ05WSFE0RUZnUVVSM2NobG5sWUE4QXBrTVg0VnVrNEpnb3RGSTh3RFFZSgpLb1pJaHZjTkFRRUxCUUFEZ2dHQkFFSTg3TjViVXhtZ2FNbjRXOFgzTmYxVUlLZ25EaDNvUGIxY2NCUTlxRTYyCisvNXdGb3FCZ0tBd2kzVzVMWEJUNTAyYXN0Y3g3YnBUMkhiaWl1alEzSk1OWWNPRjBsZmFUcmtsem9mU2VsTXYKWnVKdUJOT0svTEpNd1dENGVQejNoNUd2KzE2Q1NNNW0yRU1vU1pkWkNlYnpLdDJ4VlZUM1YrYnowcld0aFFmUQpLSWxhazJRaWlBZnVXZ2dqVm1YQzVkT2grV2lQUGdQdFpjVzB3RjNUak5uMzU0d293Qk03b2RDNjhseENIbzhkCnZUREk3d3pHaUx0dFlJODJ3a1RwWUl3N3hEVVFLNUdTQlpiajFDazlSSzQyLzdHRE5mQmVhVnFRUHZWRW9SdDUKWk1HS0kwcDAyaGxueWRVMmxrZzN3cGEyM1VwYjAzT3VXMldTelljM00xZlNXamNjcW4xQUFTclRnRVEwbTY5YwptNTBRWEoxWWhVcVVVdFZ4QjQyMWpXdCtHZ1lLZjZkbGFWc0hWSUw2YWlvWE0ybGx5REprLzBkQlVhY012RzduClYrdkFZUmlRUmRHZk0zSGxjV2xja0xnQUIzOEhCYkd0SnlUYStSL3BSRndnSEFBWllLRjQrcEk5TEc1VEFFMFcKaDBLMjQrSzVsK1BzT3lZNVdrRm5hZz09Ci0tLS0tRU5EIENFUlRJRklDQVRFLS0tLS0K"
              }
            ],
            "master_authorized_networks_config": [],
            "master_version": "1.24.8-gke.2000",
            "mesh_certificates": [],
            "min_master_version": null,
            "monitoring_config": [
              {
                "enable_components": [
                  "SYSTEM_COMPONENTS"
                ],
                "managed_prometheus": []
              }
            ],
            "monitoring_service": "monitoring.googleapis.com/kubernetes",
            "name": "k8s",
            "network": "projects/poised-octane-375919/global/networks/default",
            "network_policy": [
              {
                "enabled": false,
                "provider": "PROVIDER_UNSPECIFIED"
              }
            ],
            "networking_mode": "ROUTES",
            "node_config": [],
            "node_locations": [
              "southamerica-east1-a",
              "southamerica-east1-b",
              "southamerica-east1-c"
            ],
            "node_pool": [],
            "node_pool_defaults": [
              {
                "node_config_defaults": [
                  {
                    "logging_variant": "DEFAULT"
                  }
                ]
              }
            ],
            "node_version": "1.24.8-gke.2000",
            "notification_config": [
              {
                "pubsub": [
                  {
                    "enabled": false,
                    "filter": [],
                    "topic": ""
                  }
                ]
              }
            ],
            "operation": null,
            "private_cluster_config": [
              {
                "enable_private_endpoint": false,
                "enable_private_nodes": false,
                "master_global_access_config": [
                  {
                    "enabled": false
                  }
                ],
                "master_ipv4_cidr_block": "",
                "peering_name": "",
                "private_endpoint": "10.158.0.13",
                "private_endpoint_subnetwork": "",
                "public_endpoint": "35.199.84.30"
              }
            ],
            "private_ipv6_google_access": "",
            "project": "poised-octane-375919",
            "release_channel": [
              {
                "channel": "REGULAR"
              }
            ],
            "remove_default_node_pool": true,
            "resource_labels": null,
            "resource_usage_export_config": [],
            "self_link": "https://container.googleapis.com/v1/projects/poised-octane-375919/locations/southamerica-east1/clusters/k8s",
            "service_external_ips_config": [
              {
                "enabled": false
              }
            ],
            "services_ipv4_cidr": "10.79.240.0/20",
            "subnetwork": "projects/poised-octane-375919/regions/southamerica-east1/subnetworks/default",
            "timeouts": null,
            "tpu_ipv4_cidr_block": "",
            "vertical_pod_autoscaling": [],
            "workload_identity_config": []
          },
          "sensitive_attributes": [],
          "private": "eyJlMmJmYjczMC1lY2FhLTExZTYtOGY4OC0zNDM2M2JjN2M0YzAiOnsiY3JlYXRlIjoyNDAwMDAwMDAwMDAwLCJkZWxldGUiOjI0MDAwMDAwMDAwMDAsInJlYWQiOjI0MDAwMDAwMDAwMDAsInVwZGF0ZSI6MzYwMDAwMDAwMDAwMH0sInNjaGVtYV92ZXJzaW9uIjoiMSJ9"
        }
      ]
    },
    {
      "mode": "managed",
      "type": "google_container_node_pool",
      "name": "k8s_preemptible_nodes",
      "provider": "provider[\"registry.terraform.io/hashicorp/google\"]",
      "instances": [
        {
          "status": "tainted",
          "schema_version": 1,
          "attributes": {
            "autoscaling": [],
            "cluster": "k8s",
            "id": "projects/poised-octane-375919/locations/southamerica-east1/clusters/k8s/nodePools/k8s-node-pool",
            "initial_node_count": null,
            "instance_group_urls": null,
            "location": "southamerica-east1",
            "managed_instance_group_urls": null,
            "management": null,
            "max_pods_per_node": null,
            "name": "k8s-node-pool",
            "name_prefix": null,
            "network_config": null,
            "node_config": [
              {
                "boot_disk_kms_key": "",
                "disk_size_gb": 0,
                "disk_type": "",
                "gcfs_config": [],
                "guest_accelerator": [],
                "gvnic": [],
                "image_type": "",
                "kubelet_config": [],
                "labels": {},
                "linux_node_config": [],
                "local_ssd_count": 0,
                "logging_variant": "DEFAULT",
                "machine_type": "e2-medium",
                "metadata": {},
                "min_cpu_platform": "",
                "node_group": "",
                "oauth_scopes": [],
                "preemptible": true,
                "reservation_affinity": [],
                "resource_labels": null,
                "service_account": "",
                "shielded_instance_config": [],
                "spot": false,
                "tags": null,
                "taint": [],
                "workload_metadata_config": []
              }
            ],
            "node_count": 2,
            "node_locations": [],
            "operation": null,
            "placement_policy": [],
            "project": null,
            "timeouts": null,
            "upgrade_settings": null,
            "version": null
          },
          "sensitive_attributes": [],
          "private": "eyJlMmJmYjczMC1lY2FhLTExZTYtOGY4OC0zNDM2M2JjN2M0YzAiOnsiY3JlYXRlIjoxODAwMDAwMDAwMDAwLCJkZWxldGUiOjE4MDAwMDAwMDAwMDAsInVwZGF0ZSI6MTgwMDAwMDAwMDAwMH0sInNjaGVtYV92ZXJzaW9uIjoiMSJ9",
          "dependencies": [
            "google_container_cluster.k8s"
          ]
        }
      ]
    }
  ],
  "check_results": null
}
